
Microsoft Visual Studio Solution File, Format Version 12.00
# Visual Studio 2013
VisualStudioVersion = 12.0.30324.0
MinimumVisualStudioVersion = 10.0.40219.1
Project("{D954291E-2A0B-460D-934E-DC6B0785DB48}") = "WinRT.XamlUtils.Sample.Shared", "WinRT.XamlUtils.Sample\Shared\WinRT.XamlUtils.Sample.Shared.shproj", "{5E779589-BB0F-4C98-B4B5-5B27E7830ED6}"
EndProject
Project("{FAE04EC0-301F-11D3-BF4B-00C04F79EFBC}") = "WinRT.XamlUtils.Sample.Windows", "WinRT.XamlUtils.Sample\Windows\WinRT.XamlUtils.Sample.Windows.csproj", "{90D11CA2-7659-49EB-A151-4555A2B4AA62}"
EndProject
Project("{FAE04EC0-301F-11D3-BF4B-00C04F79EFBC}") = "WinRT.XamlUtils.Sample.WindowsPhone", "WinRT.XamlUtils.Sample\WindowsPhone\WinRT.XamlUtils.Sample.WindowsPhone.csproj", "{55133453-F091-441F-8B42-D9DCF8F86A2B}"
EndProject
Project("{FAE04EC0-301F-11D3-BF4B-00C04F79EFBC}") = "WinRT.XamlUtils", "WinRTXamlUtils\WinRT.XamlUtils.csproj", "{D5F79687-E10F-4CD4-BEE9-A8DB4505D7F5}"
EndProject
Global
	GlobalSection(SharedMSBuildProjectFiles) = preSolution
		WinRT.XamlUtils.Sample\Shared\WinRT.XamlUtils.Sample.Shared.projitems*{90d11ca2-7659-49eb-a151-4555a2b4aa62}*SharedItemsImports = 4
		WinRT.XamlUtils.Sample\Shared\WinRT.XamlUtils.Sample.Shared.projitems*{5e779589-bb0f-4c98-b4b5-5b27e7830ed6}*SharedItemsImports = 13
		WinRT.XamlUtils.Sample\Shared\WinRT.XamlUtils.Sample.Shared.projitems*{55133453-f091-441f-8b42-d9dcf8f86a2b}*SharedItemsImports = 4
	EndGlobalSection
	GlobalSection(SolutionConfigurationPlatforms) = preSolution
		Debug|Any CPU = Debug|Any CPU
		Debug|ARM = Debug|ARM
		Debug|x64 = Debug|x64
		Debug|x86 = Debug|x86
		Release|Any CPU = Release|Any CPU
		Release|ARM = Release|ARM
		Release|x64 = Release|x64
		Release|x86 = Release|x86
	EndGlobalSection
	GlobalSection(ProjectConfigurationPlatforms) = postSolution
		{90D11CA2-7659-49EB-A151-4555A2B4AA62}.Debug|Any CPU.ActiveCfg = Debug|Any CPU
		{90D11CA2-7659-49EB-A151-4555A2B4AA62}.Debug|Any CPU.Build.0 = Debug|Any CPU
		{90D11CA2-7659-49EB-A151-4555A2B4AA62}.Debug|Any CPU.Deploy.0 = Debug|Any CPU
		{90D11CA2-7659-49EB-A151-4555A2B4AA62}.Debug|ARM.ActiveCfg = Debug|ARM
		{90D11CA2-7659-49EB-A151-4555A2B4AA62}.Debug|ARM.Build.0 = Debug|ARM
		{90D11CA2-7659-49EB-A151-4555A2B4AA62}.Debug|ARM.Deploy.0 = Debug|ARM
		{90D11CA2-7659-49EB-A151-4555A2B4AA62}.Debug|x64.ActiveCfg = Debug|x64
		{90D11CA2-7659-49EB-A151-4555A2B4AA62}.Debug|x64.Build.0 = Debug|x64
		{90D11CA2-7659-49EB-A151-4555A2B4AA62}.Debug|x64.Deploy.0 = Debug|x64
		{90D11CA2-7659-49EB-A151-4555A2B4AA62}.Debug|x86.ActiveCfg = Debug|x86
		{90D11CA2-7659-49EB-A151-4555A2B4AA62}.Debug|x86.Build.0 = Debug|x86
		{90D11CA2-7659-49EB-A151-4555A2B4AA62}.Debug|x86.Deploy.0 = Debug|x86
		{90D11CA2-7659-49EB-A151-4555A2B4AA62}.Release|Any CPU.ActiveCfg = Release|Any CPU
		{90D11CA2-7659-49EB-A151-4555A2B4AA62}.Release|Any CPU.Build.0 = Release|Any CPU
		{90D11CA2-7659-49EB-A151-4555A2B4AA62}.Release|Any CPU.Deploy.0 = Release|Any CPU
		{90D11CA2-7659-49EB-A151-4555A2B4AA62}.Release|ARM.ActiveCfg = Release|ARM
		{90D11CA2-7659-49EB-A151-4555A2B4AA62}.Release|ARM.Build.0 = Release|ARM
		{90D11CA2-7659-49EB-A151-4555A2B4AA62}.Release|ARM.Deploy.0 = Release|ARM
		{90D11CA2-7659-49EB-A151-4555A2B4AA62}.Release|x64.ActiveCfg = Release|x64
		{90D11CA2-7659-49EB-A151-4555A2B4AA62}.Release|x64.Build.0 = Release|x64
		{90D11CA2-7659-49EB-A151-4555A2B4AA62}.Release|x64.Deploy.0 = Release|x64
		{90D11CA2-7659-49EB-A151-4555A2B4AA62}.Release|x86.ActiveCfg = Release|x86
		{90D11CA2-7659-49EB-A151-4555A2B4AA62}.Release|x86.Build.0 = Release|x86
		{90D11CA2-7659-49EB-A151-4555A2B4AA62}.Release|x86.Deploy.0 = Release|x86
		{55133453-F091-441F-8B42-D9DCF8F86A2B}.Debug|Any CPU.ActiveCfg = Debug|Any CPU
		{55133453-F091-441F-8B42-D9DCF8F86A2B}.Debug|Any CPU.Build.0 = Debug|Any CPU
		{55133453-F091-441F-8B42-D9DCF8F86A2B}.Debug|Any CPU.Deploy.0 = Debug|Any CPU
		{55133453-F091-441F-8B42-D9DCF8F86A2B}.Debug|ARM.ActiveCfg = Debug|ARM
		{55133453-F091-441F-8B42-D9DCF8F86A2B}.Debug|ARM.Build.0 = Debug|ARM
		{55133453-F091-441F-8B42-D9DCF8F86A2B}.Debug|ARM.Deploy.0 = Debug|ARM
		{55133453-F091-441F-8B42-D9DCF8F86A2B}.Debug|x64.ActiveCfg = Debug|Any CPU
		{55133453-F091-441F-8B42-D9DCF8F86A2B}.Debug|x86.ActiveCfg = Debug|x86
		{55133453-F091-441F-8B42-D9DCF8F86A2B}.Debug|x86.Build.0 = Debug|x86
		{55133453-F091-441F-8B42-D9DCF8F86A2B}.Debug|x86.Deploy.0 = Debug|x86
		{55133453-F091-441F-8B42-D9DCF8F86A2B}.Release|Any CPU.ActiveCfg = Release|Any CPU
		{55133453-F091-441F-8B42-D9DCF8F86A2B}.Release|Any CPU.Build.0 = Release|Any CPU
		{55133453-F091-441F-8B42-D9DCF8F86A2B}.Release|Any CPU.Deploy.0 = Release|Any CPU
		{55133453-F091-441F-8B42-D9DCF8F86A2B}.Release|ARM.ActiveCfg = Release|ARM
		{55133453-F091-441F-8B42-D9DCF8F86A2B}.Release|ARM.Build.0 = Release|ARM
		{55133453-F091-441F-8B42-D9DCF8F86A2B}.Release|ARM.Deploy.0 = Release|ARM
		{55133453-F091-441F-8B42-D9DCF8F86A2B}.Release|x64.ActiveCfg = Release|Any CPU
		{55133453-F091-441F-8B42-D9DCF8F86A2B}.Release|x86.ActiveCfg = Release|x86
		{55133453-F091-441F-8B42-D9DCF8F86A2B}.Release|x86.Build.0 = Release|x86
		{55133453-F091-441F-8B42-D9DCF8F86A2B}.Release|x86.Deploy.0 = Release|x86
		{D5F79687-E10F-4CD4-BEE9-A8DB4505D7F5}.Debug|Any CPU.ActiveCfg = Debug|Any CPU
		{D5F79687-E10F-4CD4-BEE9-A8DB4505D7F5}.Debug|Any CPU.Build.0 = Debug|Any CPU
		{D5F79687-E10F-4CD4-BEE9-A8DB4505D7F5}.Debug|ARM.ActiveCfg = Debug|Any CPU
		{D5F79687-E10F-4CD4-BEE9-A8DB4505D7F5}.Debug|x64.ActiveCfg = Debug|Any CPU
		{D5F79687-E10F-4CD4-BEE9-A8DB4505D7F5}.Debug|x86.ActiveCfg = Debug|Any CPU
		{D5F79687-E10F-4CD4-BEE9-A8DB4505D7F5}.Release|Any CPU.ActiveCfg = Release|Any CPU
		{D5F79687-E10F-4CD4-BEE9-A8DB4505D7F5}.Release|Any CPU.Build.0 = Release|Any CPU
		{D5F79687-E10F-4CD4-BEE9-A8DB4505D7F5}.Release|ARM.ActiveCfg = Release|Any CPU
		{D5F79687-E10F-4CD4-BEE9-A8DB4505D7F5}.Release|x64.ActiveCfg = Release|Any CPU
		{D5F79687-E10F-4CD4-BEE9-A8DB4505D7F5}.Release|x86.ActiveCfg = Release|Any CPU
	EndGlobalSection
	GlobalSection(SolutionProperties) = preSolution
		HideSolutionNode = FALSE
	EndGlobalSection
EndGlobal
